
Microsoft Visual Studio Solution File, Format Version 12.00
# Visual Studio Version 17
VisualStudioVersion = 17.6.33723.286
MinimumVisualStudioVersion = 10.0.40219.1
Project("{9A19103F-16F7-4668-BE54-9A1E7A4F7556}") = "ProjetMaui", "ProjetMaui\ProjetMaui.csproj", "{0FF2C0EB-0EC7-49D7-BCA5-B173B3FAD118}"
EndProject
Global
	GlobalSection(SolutionConfigurationPlatforms) = preSolution
		Debug|Any CPU = Debug|Any CPU
		Release|Any CPU = Release|Any CPU
	EndGlobalSection
	GlobalSection(ProjectConfigurationPlatforms) = postSolution
		{0FF2C0EB-0EC7-49D7-BCA5-B173B3FAD118}.Debug|Any CPU.ActiveCfg = Debug|Any CPU
		{0FF2C0EB-0EC7-49D7-BCA5-B173B3FAD118}.Debug|Any CPU.Build.0 = Debug|Any CPU
		{0FF2C0EB-0EC7-49D7-BCA5-B173B3FAD118}.Debug|Any CPU.Deploy.0 = Debug|Any CPU
		{0FF2C0EB-0EC7-49D7-BCA5-B173B3FAD118}.Release|Any CPU.ActiveCfg = Release|Any CPU
		{0FF2C0EB-0EC7-49D7-BCA5-B173B3FAD118}.Release|Any CPU.Build.0 = Release|Any CPU
		{0FF2C0EB-0EC7-49D7-BCA5-B173B3FAD118}.Release|Any CPU.Deploy.0 = Release|Any CPU
	EndGlobalSection
	GlobalSection(SolutionProperties) = preSolution
		HideSolutionNode = FALSE
	EndGlobalSection
	GlobalSection(ExtensibilityGlobals) = postSolution
		SolutionGuid = {D3C08415-C14B-447F-8E25-D00180265D1F}
	EndGlobalSection
EndGlobal
